PODS:
  - AsyncDisplayKit (1.1.1):
    - AsyncDisplayKit/ASDealloc2MainObject (= 1.1.1)
  - AsyncDisplayKit/ASDealloc2MainObject (1.1.1)
  - FontAwesomeKit/Core (2.2.0)
  - FontAwesomeKit/FontAwesome (2.2.0):
    - FontAwesomeKit/Core
  - SDWebImage (3.7.1):
    - SDWebImage/Core (= 3.7.1)
  - SDWebImage/Core (3.7.1)

DEPENDENCIES:
  - AsyncDisplayKit
  - FontAwesomeKit/FontAwesome
  - SDWebImage

SPEC CHECKSUMS:
  AsyncDisplayKit: 897b28140c6c73fbe8d6168f19ce7cbd87c94ee8
  FontAwesomeKit: 61f0b4f12f1b11b7489bc7d1507a8692547f3857
  SDWebImage: 116e88633b5b416ea0ca4b334a4ac59cf72dd38d

COCOAPODS: 0.35.0
