PODS:
  - AsyncDisplayKit (HEAD based on 1.2.1):
    - AsyncDisplayKit/ASDealloc2MainObject (= HEAD based on 1.2.1)
  - AsyncDisplayKit/ASDealloc2MainObject (HEAD based on 1.2.1)
  - FontAwesomeKit/Core (2.2.0)
  - FontAwesomeKit/FontAwesome (2.2.0):
    - FontAwesomeKit/Core
  - SDWebImage (3.7.2):
    - SDWebImage/Core (= 3.7.2)
  - SDWebImage/Core (3.7.2)

DEPENDENCIES:
  - AsyncDisplayKit (HEAD)
  - FontAwesomeKit/FontAwesome
  - SDWebImage

SPEC CHECKSUMS:
  AsyncDisplayKit: b2f777da3a246b4aad660b2a55d60bb4328049b9
  FontAwesomeKit: 025fd4dd1017fe4e3f8d47b03e024deedbb33cd4
  SDWebImage: 71b7cdc1d1721d6a82ed62889030225f2c249e29

COCOAPODS: 0.37.2
