// !$*UTF8*$!
{
	archiveVersion = 1;
	classes = {
	};
	objectVersion = 46;
	objects = {

/* Begin PBXBuildFile section */
		794EA81022A7750756EEF22C /* libPods.a in Frameworks */ = {isa = PBXBuildFile; fileRef = 0429DB9706988259B8ABBDBC /* libPods.a */; };
		D10BFF5F1A48E1890098CCC3 /* NoDataView.swift in Sources */ = {isa = PBXBuildFile; fileRef = D10BFF5E1A48E1890098CCC3 /* NoDataView.swift */; };
		D110493A1A8A93F400B32316 /* EventReviewNode.swift in Sources */ = {isa = PBXBuildFile; fileRef = D11049391A8A93F400B32316 /* EventReviewNode.swift */; };
		D1169B701A45EFEC00C025A3 /* NewsListViewController.swift in Sources */ = {isa = PBXBuildFile; fileRef = D1169B6F1A45EFEC00C025A3 /* NewsListViewController.swift */; };
		D1169B761A45F68D00C025A3 /* DataModel.swift in Sources */ = {isa = PBXBuildFile; fileRef = D1169B751A45F68D00C025A3 /* DataModel.swift */; };
		D11DCFFE1ACDAB7E00307D32 /* TagCloudNode.swift in Sources */ = {isa = PBXBuildFile; fileRef = D11DCFFD1ACDAB7E00307D32 /* TagCloudNode.swift */; };
		D11DD0001ACEA56000307D32 /* TagButtonNode.swift in Sources */ = {isa = PBXBuildFile; fileRef = D11DCFFF1ACEA56000307D32 /* TagButtonNode.swift */; };
		D11DD0021AD3F11800307D32 /* FilterScreen.swift in Sources */ = {isa = PBXBuildFile; fileRef = D11DD0011AD3F11800307D32 /* FilterScreen.swift */; };
		D11DD0041AD3F4D100307D32 /* FilterButton.swift in Sources */ = {isa = PBXBuildFile; fileRef = D11DD0031AD3F4D100307D32 /* FilterButton.swift */; };
		D11DD0071AD405E400307D32 /* icon-filter@2x.png in Resources */ = {isa = PBXBuildFile; fileRef = D11DD0051AD405E400307D32 /* icon-filter@2x.png */; };
		D11DD0081AD405E400307D32 /* icon-filter@3x.png in Resources */ = {isa = PBXBuildFile; fileRef = D11DD0061AD405E400307D32 /* icon-filter@3x.png */; };
		D11DD00B1AD465D900307D32 /* icon-clear@2x.png in Resources */ = {isa = PBXBuildFile; fileRef = D11DD0091AD465D900307D32 /* icon-clear@2x.png */; };
		D11DD00C1AD465D900307D32 /* icon-clear@3x.png in Resources */ = {isa = PBXBuildFile; fileRef = D11DD00A1AD465D900307D32 /* icon-clear@3x.png */; };
		D122D6DD1A697149009D30AB /* icon-news@2x.png in Resources */ = {isa = PBXBuildFile; fileRef = D122D6DC1A697149009D30AB /* icon-news@2x.png */; };
		D13700561AA71B8500F70138 /* MuseumEventButtonNode.swift in Sources */ = {isa = PBXBuildFile; fileRef = D13700551AA71B8500F70138 /* MuseumEventButtonNode.swift */; };
		D155CC741A4B49F50072E183 /* NewsItemViewController.swift in Sources */ = {isa = PBXBuildFile; fileRef = D155CC731A4B49F50072E183 /* NewsItemViewController.swift */; };
		D155CC761A4B5EEF0072E183 /* AssetsLibrary.framework in Frameworks */ = {isa = PBXBuildFile; fileRef = D155CC751A4B5EEF0072E183 /* AssetsLibrary.framework */; };
		D155CC7C1A4B73A50072E183 /* InfoPlist.strings in Resources */ = {isa = PBXBuildFile; fileRef = D155CC7E1A4B73A50072E183 /* InfoPlist.strings */; };
		D155CC811A4B73A50072E183 /* InfoPlist.strings in Resources */ = {isa = PBXBuildFile; fileRef = D155CC831A4B73A50072E183 /* InfoPlist.strings */; };
		D155CC861A4B73A50072E183 /* Localizable.strings in Resources */ = {isa = PBXBuildFile; fileRef = D155CC881A4B73A50072E183 /* Localizable.strings */; };
		D17476331A9764B700D588A2 /* MuseumInfoView.swift in Sources */ = {isa = PBXBuildFile; fileRef = D17476321A9764B700D588A2 /* MuseumInfoView.swift */; };
		D17476351A9765F200D588A2 /* TextDividerNode.swift in Sources */ = {isa = PBXBuildFile; fileRef = D17476341A9765F200D588A2 /* TextDividerNode.swift */; };
		D174763A1A976EB600D588A2 /* SMCalloutView.m in Sources */ = {isa = PBXBuildFile; fileRef = D17476371A976EB600D588A2 /* SMCalloutView.m */; };
		D174763B1A976EB600D588A2 /* SMClassicCalloutView.m in Sources */ = {isa = PBXBuildFile; fileRef = D17476391A976EB600D588A2 /* SMClassicCalloutView.m */; };
		D17476401A97816900D588A2 /* icon-phone@3x.png in Resources */ = {isa = PBXBuildFile; fileRef = D174763E1A97816900D588A2 /* icon-phone@3x.png */; };
		D17476421A97836800D588A2 /* PhoneDividerNode.swift in Sources */ = {isa = PBXBuildFile; fileRef = D17476411A97836800D588A2 /* PhoneDividerNode.swift */; };
		D17476441A9784E500D588A2 /* icon-phone@2x.png in Resources */ = {isa = PBXBuildFile; fileRef = D17476431A9784E500D588A2 /* icon-phone@2x.png */; };
		D1A0F7331A710ED400981257 /* CoreLocation.framework in Frameworks */ = {isa = PBXBuildFile; fileRef = D1A0F7321A710ED400981257 /* CoreLocation.framework */; };
		D1A0F7431A710F1B00981257 /* QuartzCore.framework in Frameworks */ = {isa = PBXBuildFile; fileRef = D1A0F7421A710F1B00981257 /* QuartzCore.framework */; };
		D1A0F7451A710F2200981257 /* SystemConfiguration.framework in Frameworks */ = {isa = PBXBuildFile; fileRef = D1A0F7441A710F2200981257 /* SystemConfiguration.framework */; };
		D1A0F7491A7115ED00981257 /* icon-map@2x.png in Resources */ = {isa = PBXBuildFile; fileRef = D1A0F7481A7115ED00981257 /* icon-map@2x.png */; };
		D1A0F74C1A71318E00981257 /* marker@2x.png in Resources */ = {isa = PBXBuildFile; fileRef = D1A0F74A1A71318E00981257 /* marker@2x.png */; };
		D1A0F74D1A71318E00981257 /* marker@3x.png in Resources */ = {isa = PBXBuildFile; fileRef = D1A0F74B1A71318E00981257 /* marker@3x.png */; };
		D1A0F7591A72AA9900981257 /* Default-huge.png in Resources */ = {isa = PBXBuildFile; fileRef = D1A0F7581A72AA9900981257 /* Default-huge.png */; };
		D1A0F75D1A72AB2200981257 /* logo@2x.png in Resources */ = {isa = PBXBuildFile; fileRef = D1A0F75C1A72AB2200981257 /* logo@2x.png */; };
		D1A0F75F1A72ADC700981257 /* location@2x.png in Resources */ = {isa = PBXBuildFile; fileRef = D1A0F75E1A72ADC700981257 /* location@2x.png */; };
		D1A9373C1A3F13CE00CE8E9F /* AppDelegate.swift in Sources */ = {isa = PBXBuildFile; fileRef = D1A9373B1A3F13CE00CE8E9F /* AppDelegate.swift */; };
		D1A937431A3F13CE00CE8E9F /* Images.xcassets in Resources */ = {isa = PBXBuildFile; fileRef = D1A937421A3F13CE00CE8E9F /* Images.xcassets */; };
		D1A937461A3F13CE00CE8E9F /* LaunchScreen.xib in Resources */ = {isa = PBXBuildFile; fileRef = D1A937441A3F13CE00CE8E9F /* LaunchScreen.xib */; };
		D1A937521A3F13CE00CE8E9F /* KidsInMuseumsTests.swift in Sources */ = {isa = PBXBuildFile; fileRef = D1A937511A3F13CE00CE8E9F /* KidsInMuseumsTests.swift */; };
		D1A9E15E1A7D01A000E06F02 /* icon-more@2x.png in Resources */ = {isa = PBXBuildFile; fileRef = D1A9E15C1A7D01A000E06F02 /* icon-more@2x.png */; };
		D1A9E15F1A7D01A000E06F02 /* icon-more@3x.png in Resources */ = {isa = PBXBuildFile; fileRef = D1A9E15D1A7D01A000E06F02 /* icon-more@3x.png */; };
		D1A9E1611A7D01D200E06F02 /* MoreScreen.swift in Sources */ = {isa = PBXBuildFile; fileRef = D1A9E1601A7D01D200E06F02 /* MoreScreen.swift */; };
		D1A9E1641A7E39CD00E06F02 /* EventsListViewController.swift in Sources */ = {isa = PBXBuildFile; fileRef = D1A9E1631A7E39CD00E06F02 /* EventsListViewController.swift */; };
		D1A9E1671A7E3ADC00E06F02 /* icon-events@2x.png in Resources */ = {isa = PBXBuildFile; fileRef = D1A9E1651A7E3ADC00E06F02 /* icon-events@2x.png */; };
		D1A9E1681A7E3ADC00E06F02 /* icon-events@3x.png in Resources */ = {isa = PBXBuildFile; fileRef = D1A9E1661A7E3ADC00E06F02 /* icon-events@3x.png */; };
		D1A9E16A1A7E44A700E06F02 /* EventCell.swift in Sources */ = {isa = PBXBuildFile; fileRef = D1A9E1691A7E44A700E06F02 /* EventCell.swift */; };
		D1A9E16F1A7FABA900E06F02 /* CLLocationHumanReadable.swift in Sources */ = {isa = PBXBuildFile; fileRef = D1A9E16E1A7FABA900E06F02 /* CLLocationHumanReadable.swift */; };
		D1A9E1731A8536DD00E06F02 /* MapViewController.swift in Sources */ = {isa = PBXBuildFile; fileRef = D1A9E1721A8536DD00E06F02 /* MapViewController.swift */; };
		D1A9E1751A8542D900E06F02 /* MuseumAnnotation.swift in Sources */ = {isa = PBXBuildFile; fileRef = D1A9E1741A8542D900E06F02 /* MuseumAnnotation.swift */; };
		D1A9E1771A854C0F00E06F02 /* MapKit.framework in Frameworks */ = {isa = PBXBuildFile; fileRef = D1A9E1761A854C0F00E06F02 /* MapKit.framework */; };
		D1D484951A8915560028C6F4 /* EventItemViewController.swift in Sources */ = {isa = PBXBuildFile; fileRef = D1D484941A8915560028C6F4 /* EventItemViewController.swift */; };
		D1D484971A891E0F0028C6F4 /* EventImageNode.swift in Sources */ = {isa = PBXBuildFile; fileRef = D1D484961A891E0F0028C6F4 /* EventImageNode.swift */; };
		D1D484991A8926870028C6F4 /* NSTextAttachmentAge.swift in Sources */ = {isa = PBXBuildFile; fileRef = D1D484981A8926870028C6F4 /* NSTextAttachmentAge.swift */; };
		D1D4849B1A89291C0028C6F4 /* EventTitleNode.swift in Sources */ = {isa = PBXBuildFile; fileRef = D1D4849A1A89291C0028C6F4 /* EventTitleNode.swift */; };
		D1D4849D1A892D4E0028C6F4 /* UIColorKIMColor.swift in Sources */ = {isa = PBXBuildFile; fileRef = D1D4849C1A892D4E0028C6F4 /* UIColorKIMColor.swift */; };
		D1D4849F1A892E630028C6F4 /* EventMuseumNode.swift in Sources */ = {isa = PBXBuildFile; fileRef = D1D4849E1A892E630028C6F4 /* EventMuseumNode.swift */; };
		D1D484A11A89361D0028C6F4 /* EventScheduleNode.swift in Sources */ = {isa = PBXBuildFile; fileRef = D1D484A01A89361D0028C6F4 /* EventScheduleNode.swift */; };
		D1D484A31A89445A0028C6F4 /* EventDescTitleNode.swift in Sources */ = {isa = PBXBuildFile; fileRef = D1D484A21A89445A0028C6F4 /* EventDescTitleNode.swift */; };
		D1D484A51A8949E40028C6F4 /* EventDescriptionNode.swift in Sources */ = {isa = PBXBuildFile; fileRef = D1D484A41A8949E40028C6F4 /* EventDescriptionNode.swift */; };
		D1E52E4D1A48B5D2007D98EF /* NewsCell.swift in Sources */ = {isa = PBXBuildFile; fileRef = D1E52E4C1A48B5D2007D98EF /* NewsCell.swift */; };
		D1FF584C1AB83049008DD880 /* AppInfoView.swift in Sources */ = {isa = PBXBuildFile; fileRef = D1FF584B1AB83049008DD880 /* AppInfoView.swift */; };
		D1FF584E1AB832E1008DD880 /* AppInfoNode.swift in Sources */ = {isa = PBXBuildFile; fileRef = D1FF584D1AB832E1008DD880 /* AppInfoNode.swift */; };
		D1FF58511AB8372A008DD880 /* appinfo-logo@2x.png in Resources */ = {isa = PBXBuildFile; fileRef = D1FF584F1AB8372A008DD880 /* appinfo-logo@2x.png */; };
		D1FF58521AB8372A008DD880 /* appinfo-logo@3x.png in Resources */ = {isa = PBXBuildFile; fileRef = D1FF58501AB8372A008DD880 /* appinfo-logo@3x.png */; };
		D1FF58541AB85575008DD880 /* DeveloperInfoNode.swift in Sources */ = {isa = PBXBuildFile; fileRef = D1FF58531AB85575008DD880 /* DeveloperInfoNode.swift */; };
		D1FF58571AB855C3008DD880 /* appinfo-dev@2x.png in Resources */ = {isa = PBXBuildFile; fileRef = D1FF58551AB855C3008DD880 /* appinfo-dev@2x.png */; };
		D1FF58581AB855C3008DD880 /* appinfo-dev@3x.png in Resources */ = {isa = PBXBuildFile; fileRef = D1FF58561AB855C3008DD880 /* appinfo-dev@3x.png */; };
/* End PBXBuildFile section */

/* Begin PBXContainerItemProxy section */
		D1A9374C1A3F13CE00CE8E9F /* PBXContainerItemProxy */ = {
			isa = PBXContainerItemProxy;
			containerPortal = D1A9372E1A3F13CE00CE8E9F /* Project object */;
			proxyType = 1;
			remoteGlobalIDString = D1A937351A3F13CE00CE8E9F;
			remoteInfo = KidsInMuseums;
		};
/* End PBXContainerItemProxy section */

/* Begin PBXFileReference section */
		0429DB9706988259B8ABBDBC /* libPods.a */ = {isa = PBXFileReference; explicitFileType = archive.ar; includeInIndex = 0; path = libPods.a; sourceTree = BUILT_PRODUCTS_DIR; };
		178E2BCF28A93B00DE560DD1 /* Pods.release.xcconfig */ = {isa = PBXFileReference; includeInIndex = 1; lastKnownFileType = text.xcconfig; name = Pods.release.xcconfig; path = "Pods/Target Support Files/Pods/Pods.release.xcconfig"; sourceTree = "<group>"; };
		66A9EDF93D81EE3989B695A5 /* Pods.debug.xcconfig */ = {isa = PBXFileReference; includeInIndex = 1; lastKnownFileType = text.xcconfig; name = Pods.debug.xcconfig; path = "Pods/Target Support Files/Pods/Pods.debug.xcconfig"; sourceTree = "<group>"; };
		D10BFF5E1A48E1890098CCC3 /* NoDataView.swift */ = {isa = PBXFileReference; fileEncoding = 4; lastKnownFileType = sourcecode.swift; path = NoDataView.swift; sourceTree = "<group>"; };
		D11049391A8A93F400B32316 /* EventReviewNode.swift */ = {isa = PBXFileReference; fileEncoding = 4; lastKnownFileType = sourcecode.swift; path = EventReviewNode.swift; sourceTree = "<group>"; };
		D1169B6F1A45EFEC00C025A3 /* NewsListViewController.swift */ = {isa = PBXFileReference; fileEncoding = 4; lastKnownFileType = sourcecode.swift; path = NewsListViewController.swift; sourceTree = "<group>"; };
		D1169B751A45F68D00C025A3 /* DataModel.swift */ = {isa = PBXFileReference; fileEncoding = 4; lastKnownFileType = sourcecode.swift; path = DataModel.swift; sourceTree = "<group>"; };
		D11DCFFD1ACDAB7E00307D32 /* TagCloudNode.swift */ = {isa = PBXFileReference; fileEncoding = 4; lastKnownFileType = sourcecode.swift; path = TagCloudNode.swift; sourceTree = "<group>"; };
		D11DCFFF1ACEA56000307D32 /* TagButtonNode.swift */ = {isa = PBXFileReference; fileEncoding = 4; lastKnownFileType = sourcecode.swift; path = TagButtonNode.swift; sourceTree = "<group>"; };
		D11DD0011AD3F11800307D32 /* FilterScreen.swift */ = {isa = PBXFileReference; fileEncoding = 4; lastKnownFileType = sourcecode.swift; path = FilterScreen.swift; sourceTree = "<group>"; };
		D11DD0031AD3F4D100307D32 /* FilterButton.swift */ = {isa = PBXFileReference; fileEncoding = 4; lastKnownFileType = sourcecode.swift; path = FilterButton.swift; sourceTree = "<group>"; };
		D11DD0051AD405E400307D32 /* icon-filter@2x.png */ = {isa = PBXFileReference; lastKnownFileType = image.png; path = "icon-filter@2x.png"; sourceTree = "<group>"; };
		D11DD0061AD405E400307D32 /* icon-filter@3x.png */ = {isa = PBXFileReference; lastKnownFileType = image.png; path = "icon-filter@3x.png"; sourceTree = "<group>"; };
		D11DD0091AD465D900307D32 /* icon-clear@2x.png */ = {isa = PBXFileReference; lastKnownFileType = image.png; path = "icon-clear@2x.png"; sourceTree = "<group>"; };
		D11DD00A1AD465D900307D32 /* icon-clear@3x.png */ = {isa = PBXFileReference; lastKnownFileType = image.png; path = "icon-clear@3x.png"; sourceTree = "<group>"; };
		D122D6DC1A697149009D30AB /* icon-news@2x.png */ = {isa = PBXFileReference; lastKnownFileType = image.png; path = "icon-news@2x.png"; sourceTree = "<group>"; };
		D13700551AA71B8500F70138 /* MuseumEventButtonNode.swift */ = {isa = PBXFileReference; fileEncoding = 4; lastKnownFileType = sourcecode.swift; path = MuseumEventButtonNode.swift; sourceTree = "<group>"; };
		D13DC70C1A45E08A0036A1F0 /* KidsInMuseums-Bridging-Header.h */ = {isa = PBXFileReference; fileEncoding = 4; lastKnownFileType = sourcecode.c.h; path = "KidsInMuseums-Bridging-Header.h"; sourceTree = "<group>"; };
		D155CC731A4B49F50072E183 /* NewsItemViewController.swift */ = {isa = PBXFileReference; fileEncoding = 4; lastKnownFileType = sourcecode.swift; path = NewsItemViewController.swift; sourceTree = "<group>"; };
		D155CC751A4B5EEF0072E183 /* AssetsLibrary.framework */ = {isa = PBXFileReference; lastKnownFileType = wrapper.framework; name = AssetsLibrary.framework; path = System/Library/Frameworks/AssetsLibrary.framework; sourceTree = SDKROOT; };
		D155CC771A4B5EFD0072E183 /* Photos.framework */ = {isa = PBXFileReference; lastKnownFileType = wrapper.framework; name = Photos.framework; path = System/Library/Frameworks/Photos.framework; sourceTree = SDKROOT; };
		D155CC7D1A4B73A50072E183 /* ru */ = {isa = PBXFileReference; lastKnownFileType = text.plist.strings; name = ru; path = ru.lproj/InfoPlist.strings; sourceTree = "<group>"; };
		D155CC821A4B73A50072E183 /* ru */ = {isa = PBXFileReference; lastKnownFileType = text.plist.strings; name = ru; path = ru.lproj/InfoPlist.strings; sourceTree = "<group>"; };
		D155CC871A4B73A50072E183 /* ru */ = {isa = PBXFileReference; lastKnownFileType = text.plist.strings; name = ru; path = ru.lproj/Localizable.strings; sourceTree = "<group>"; };
		D17476321A9764B700D588A2 /* MuseumInfoView.swift */ = {isa = PBXFileReference; fileEncoding = 4; lastKnownFileType = sourcecode.swift; path = MuseumInfoView.swift; sourceTree = "<group>"; };
		D17476341A9765F200D588A2 /* TextDividerNode.swift */ = {isa = PBXFileReference; fileEncoding = 4; lastKnownFileType = sourcecode.swift; path = TextDividerNode.swift; sourceTree = "<group>"; };
		D17476361A976EB600D588A2 /* SMCalloutView.h */ = {isa = PBXFileReference; fileEncoding = 4; lastKnownFileType = sourcecode.c.h; path = SMCalloutView.h; sourceTree = "<group>"; };
		D17476371A976EB600D588A2 /* SMCalloutView.m */ = {isa = PBXFileReference; fileEncoding = 4; lastKnownFileType = sourcecode.c.objc; path = SMCalloutView.m; sourceTree = "<group>"; };
		D17476381A976EB600D588A2 /* SMClassicCalloutView.h */ = {isa = PBXFileReference; fileEncoding = 4; lastKnownFileType = sourcecode.c.h; path = SMClassicCalloutView.h; sourceTree = "<group>"; };
		D17476391A976EB600D588A2 /* SMClassicCalloutView.m */ = {isa = PBXFileReference; fileEncoding = 4; lastKnownFileType = sourcecode.c.objc; path = SMClassicCalloutView.m; sourceTree = "<group>"; };
		D174763E1A97816900D588A2 /* icon-phone@3x.png */ = {isa = PBXFileReference; lastKnownFileType = image.png; path = "icon-phone@3x.png"; sourceTree = "<group>"; };
		D17476411A97836800D588A2 /* PhoneDividerNode.swift */ = {isa = PBXFileReference; fileEncoding = 4; lastKnownFileType = sourcecode.swift; path = PhoneDividerNode.swift; sourceTree = "<group>"; };
		D17476431A9784E500D588A2 /* icon-phone@2x.png */ = {isa = PBXFileReference; lastKnownFileType = image.png; path = "icon-phone@2x.png"; sourceTree = "<group>"; };
		D1A0F72E1A710EC100981257 /* AVFoundation.framework */ = {isa = PBXFileReference; lastKnownFileType = wrapper.framework; name = AVFoundation.framework; path = System/Library/Frameworks/AVFoundation.framework; sourceTree = SDKROOT; };
		D1A0F7301A710ECA00981257 /* CoreData.framework */ = {isa = PBXFileReference; lastKnownFileType = wrapper.framework; name = CoreData.framework; path = System/Library/Frameworks/CoreData.framework; sourceTree = SDKROOT; };
		D1A0F7321A710ED400981257 /* CoreLocation.framework */ = {isa = PBXFileReference; lastKnownFileType = wrapper.framework; name = CoreLocation.framework; path = System/Library/Frameworks/CoreLocation.framework; sourceTree = SDKROOT; };
		D1A0F7341A710EDA00981257 /* CoreText.framework */ = {isa = PBXFileReference; lastKnownFileType = wrapper.framework; name = CoreText.framework; path = System/Library/Frameworks/CoreText.framework; sourceTree = SDKROOT; };
		D1A0F7361A710EE300981257 /* GLKit.framework */ = {isa = PBXFileReference; lastKnownFileType = wrapper.framework; name = GLKit.framework; path = System/Library/Frameworks/GLKit.framework; sourceTree = SDKROOT; };
		D1A0F7381A710EEC00981257 /* ImageIO.framework */ = {isa = PBXFileReference; lastKnownFileType = wrapper.framework; name = ImageIO.framework; path = System/Library/Frameworks/ImageIO.framework; sourceTree = SDKROOT; };
		D1A0F73A1A710EF700981257 /* libc++.dylib */ = {isa = PBXFileReference; lastKnownFileType = "compiled.mach-o.dylib"; name = "libc++.dylib"; path = "usr/lib/libc++.dylib"; sourceTree = SDKROOT; };
		D1A0F73C1A710F0300981257 /* libicucore.dylib */ = {isa = PBXFileReference; lastKnownFileType = "compiled.mach-o.dylib"; name = libicucore.dylib; path = usr/lib/libicucore.dylib; sourceTree = SDKROOT; };
		D1A0F73E1A710F0B00981257 /* libz.dylib */ = {isa = PBXFileReference; lastKnownFileType = "compiled.mach-o.dylib"; name = libz.dylib; path = usr/lib/libz.dylib; sourceTree = SDKROOT; };
		D1A0F7401A710F1300981257 /* OpenGLES.framework */ = {isa = PBXFileReference; lastKnownFileType = wrapper.framework; name = OpenGLES.framework; path = System/Library/Frameworks/OpenGLES.framework; sourceTree = SDKROOT; };
		D1A0F7421A710F1B00981257 /* QuartzCore.framework */ = {isa = PBXFileReference; lastKnownFileType = wrapper.framework; name = QuartzCore.framework; path = System/Library/Frameworks/QuartzCore.framework; sourceTree = SDKROOT; };
		D1A0F7441A710F2200981257 /* SystemConfiguration.framework */ = {isa = PBXFileReference; lastKnownFileType = wrapper.framework; name = SystemConfiguration.framework; path = System/Library/Frameworks/SystemConfiguration.framework; sourceTree = SDKROOT; };
		D1A0F7481A7115ED00981257 /* icon-map@2x.png */ = {isa = PBXFileReference; lastKnownFileType = image.png; path = "icon-map@2x.png"; sourceTree = "<group>"; };
		D1A0F74A1A71318E00981257 /* marker@2x.png */ = {isa = PBXFileReference; lastKnownFileType = image.png; path = "marker@2x.png"; sourceTree = "<group>"; };
		D1A0F74B1A71318E00981257 /* marker@3x.png */ = {isa = PBXFileReference; lastKnownFileType = image.png; path = "marker@3x.png"; sourceTree = "<group>"; };
		D1A0F7581A72AA9900981257 /* Default-huge.png */ = {isa = PBXFileReference; lastKnownFileType = image.png; path = "Default-huge.png"; sourceTree = "<group>"; };
		D1A0F75C1A72AB2200981257 /* logo@2x.png */ = {isa = PBXFileReference; lastKnownFileType = image.png; path = "logo@2x.png"; sourceTree = "<group>"; };
		D1A0F75E1A72ADC700981257 /* location@2x.png */ = {isa = PBXFileReference; lastKnownFileType = image.png; path = "location@2x.png"; sourceTree = "<group>"; };
		D1A937361A3F13CE00CE8E9F /* KidsInMuseums.app */ = {isa = PBXFileReference; explicitFileType = wrapper.application; includeInIndex = 0; path = KidsInMuseums.app; sourceTree = BUILT_PRODUCTS_DIR; };
		D1A9373A1A3F13CE00CE8E9F /* Info.plist */ = {isa = PBXFileReference; lastKnownFileType = text.plist.xml; path = Info.plist; sourceTree = "<group>"; };
		D1A9373B1A3F13CE00CE8E9F /* AppDelegate.swift */ = {isa = PBXFileReference; lastKnownFileType = sourcecode.swift; path = AppDelegate.swift; sourceTree = "<group>"; };
		D1A937421A3F13CE00CE8E9F /* Images.xcassets */ = {isa = PBXFileReference; lastKnownFileType = folder.assetcatalog; path = Images.xcassets; sourceTree = "<group>"; };
		D1A937451A3F13CE00CE8E9F /* Base */ = {isa = PBXFileReference; lastKnownFileType = file.xib; name = Base; path = Base.lproj/LaunchScreen.xib; sourceTree = "<group>"; };
		D1A9374B1A3F13CE00CE8E9F /* KidsInMuseumsTests.xctest */ = {isa = PBXFileReference; explicitFileType = wrapper.cfbundle; includeInIndex = 0; path = KidsInMuseumsTests.xctest; sourceTree = BUILT_PRODUCTS_DIR; };
		D1A937501A3F13CE00CE8E9F /* Info.plist */ = {isa = PBXFileReference; lastKnownFileType = text.plist.xml; path = Info.plist; sourceTree = "<group>"; };
		D1A937511A3F13CE00CE8E9F /* KidsInMuseumsTests.swift */ = {isa = PBXFileReference; lastKnownFileType = sourcecode.swift; path = KidsInMuseumsTests.swift; sourceTree = "<group>"; };
		D1A9E15C1A7D01A000E06F02 /* icon-more@2x.png */ = {isa = PBXFileReference; lastKnownFileType = image.png; path = "icon-more@2x.png"; sourceTree = "<group>"; };
		D1A9E15D1A7D01A000E06F02 /* icon-more@3x.png */ = {isa = PBXFileReference; lastKnownFileType = image.png; path = "icon-more@3x.png"; sourceTree = "<group>"; };
		D1A9E1601A7D01D200E06F02 /* MoreScreen.swift */ = {isa = PBXFileReference; fileEncoding = 4; lastKnownFileType = sourcecode.swift; path = MoreScreen.swift; sourceTree = "<group>"; };
		D1A9E1621A7D0C4000E06F02 /* ru */ = {isa = PBXFileReference; lastKnownFileType = text.plist.strings; name = ru; path = ru.lproj/LaunchScreen.strings; sourceTree = "<group>"; };
		D1A9E1631A7E39CD00E06F02 /* EventsListViewController.swift */ = {isa = PBXFileReference; fileEncoding = 4; lastKnownFileType = sourcecode.swift; path = EventsListViewController.swift; sourceTree = "<group>"; };
		D1A9E1651A7E3ADC00E06F02 /* icon-events@2x.png */ = {isa = PBXFileReference; lastKnownFileType = image.png; path = "icon-events@2x.png"; sourceTree = "<group>"; };
		D1A9E1661A7E3ADC00E06F02 /* icon-events@3x.png */ = {isa = PBXFileReference; lastKnownFileType = image.png; path = "icon-events@3x.png"; sourceTree = "<group>"; };
		D1A9E1691A7E44A700E06F02 /* EventCell.swift */ = {isa = PBXFileReference; fileEncoding = 4; lastKnownFileType = sourcecode.swift; path = EventCell.swift; sourceTree = "<group>"; };
		D1A9E16B1A7F989F00E06F02 /* en */ = {isa = PBXFileReference; lastKnownFileType = text.plist.strings; name = en; path = en.lproj/Localizable.strings; sourceTree = "<group>"; };
		D1A9E16E1A7FABA900E06F02 /* CLLocationHumanReadable.swift */ = {isa = PBXFileReference; fileEncoding = 4; lastKnownFileType = sourcecode.swift; path = CLLocationHumanReadable.swift; sourceTree = "<group>"; };
		D1A9E1721A8536DD00E06F02 /* MapViewController.swift */ = {isa = PBXFileReference; fileEncoding = 4; lastKnownFileType = sourcecode.swift; path = MapViewController.swift; sourceTree = "<group>"; };
		D1A9E1741A8542D900E06F02 /* MuseumAnnotation.swift */ = {isa = PBXFileReference; fileEncoding = 4; lastKnownFileType = sourcecode.swift; path = MuseumAnnotation.swift; sourceTree = "<group>"; };
		D1A9E1761A854C0F00E06F02 /* MapKit.framework */ = {isa = PBXFileReference; lastKnownFileType = wrapper.framework; name = MapKit.framework; path = System/Library/Frameworks/MapKit.framework; sourceTree = SDKROOT; };
		D1D484941A8915560028C6F4 /* EventItemViewController.swift */ = {isa = PBXFileReference; fileEncoding = 4; lastKnownFileType = sourcecode.swift; path = EventItemViewController.swift; sourceTree = "<group>"; };
		D1D484961A891E0F0028C6F4 /* EventImageNode.swift */ = {isa = PBXFileReference; fileEncoding = 4; lastKnownFileType = sourcecode.swift; path = EventImageNode.swift; sourceTree = "<group>"; };
		D1D484981A8926870028C6F4 /* NSTextAttachmentAge.swift */ = {isa = PBXFileReference; fileEncoding = 4; lastKnownFileType = sourcecode.swift; path = NSTextAttachmentAge.swift; sourceTree = "<group>"; };
		D1D4849A1A89291C0028C6F4 /* EventTitleNode.swift */ = {isa = PBXFileReference; fileEncoding = 4; lastKnownFileType = sourcecode.swift; path = EventTitleNode.swift; sourceTree = "<group>"; };
		D1D4849C1A892D4E0028C6F4 /* UIColorKIMColor.swift */ = {isa = PBXFileReference; fileEncoding = 4; lastKnownFileType = sourcecode.swift; path = UIColorKIMColor.swift; sourceTree = "<group>"; };
		D1D4849E1A892E630028C6F4 /* EventMuseumNode.swift */ = {isa = PBXFileReference; fileEncoding = 4; lastKnownFileType = sourcecode.swift; path = EventMuseumNode.swift; sourceTree = "<group>"; };
		D1D484A01A89361D0028C6F4 /* EventScheduleNode.swift */ = {isa = PBXFileReference; fileEncoding = 4; lastKnownFileType = sourcecode.swift; path = EventScheduleNode.swift; sourceTree = "<group>"; };
		D1D484A21A89445A0028C6F4 /* EventDescTitleNode.swift */ = {isa = PBXFileReference; fileEncoding = 4; lastKnownFileType = sourcecode.swift; path = EventDescTitleNode.swift; sourceTree = "<group>"; };
		D1D484A41A8949E40028C6F4 /* EventDescriptionNode.swift */ = {isa = PBXFileReference; fileEncoding = 4; lastKnownFileType = sourcecode.swift; path = EventDescriptionNode.swift; sourceTree = "<group>"; };
		D1E52E4C1A48B5D2007D98EF /* NewsCell.swift */ = {isa = PBXFileReference; fileEncoding = 4; lastKnownFileType = sourcecode.swift; path = NewsCell.swift; sourceTree = "<group>"; };
		D1FF584B1AB83049008DD880 /* AppInfoView.swift */ = {isa = PBXFileReference; fileEncoding = 4; lastKnownFileType = sourcecode.swift; path = AppInfoView.swift; sourceTree = "<group>"; };
		D1FF584D1AB832E1008DD880 /* AppInfoNode.swift */ = {isa = PBXFileReference; fileEncoding = 4; lastKnownFileType = sourcecode.swift; path = AppInfoNode.swift; sourceTree = "<group>"; };
		D1FF584F1AB8372A008DD880 /* appinfo-logo@2x.png */ = {isa = PBXFileReference; lastKnownFileType = image.png; path = "appinfo-logo@2x.png"; sourceTree = "<group>"; };
		D1FF58501AB8372A008DD880 /* appinfo-logo@3x.png */ = {isa = PBXFileReference; lastKnownFileType = image.png; path = "appinfo-logo@3x.png"; sourceTree = "<group>"; };
		D1FF58531AB85575008DD880 /* DeveloperInfoNode.swift */ = {isa = PBXFileReference; fileEncoding = 4; lastKnownFileType = sourcecode.swift; path = DeveloperInfoNode.swift; sourceTree = "<group>"; };
		D1FF58551AB855C3008DD880 /* appinfo-dev@2x.png */ = {isa = PBXFileReference; lastKnownFileType = image.png; path = "appinfo-dev@2x.png"; sourceTree = "<group>"; };
		D1FF58561AB855C3008DD880 /* appinfo-dev@3x.png */ = {isa = PBXFileReference; lastKnownFileType = image.png; path = "appinfo-dev@3x.png"; sourceTree = "<group>"; };
/* End PBXFileReference section */

/* Begin PBXFrameworksBuildPhase section */
		D1A937331A3F13CE00CE8E9F /* Frameworks */ = {
			isa = PBXFrameworksBuildPhase;
			buildActionMask = 2147483647;
			files = (
				D1A0F7451A710F2200981257 /* SystemConfiguration.framework in Frameworks */,
				D1A0F7431A710F1B00981257 /* QuartzCore.framework in Frameworks */,
				D1A9E1771A854C0F00E06F02 /* MapKit.framework in Frameworks */,
				D1A0F7331A710ED400981257 /* CoreLocation.framework in Frameworks */,
				D155CC761A4B5EEF0072E183 /* AssetsLibrary.framework in Frameworks */,
				794EA81022A7750756EEF22C /* libPods.a in Frameworks */,
			);
			runOnlyForDeploymentPostprocessing = 0;
		};
		D1A937481A3F13CE00CE8E9F /* Frameworks */ = {
			isa = PBXFrameworksBuildPhase;
			buildActionMask = 2147483647;
			files = (
			);
			runOnlyForDeploymentPostprocessing = 0;
		};
/* End PBXFrameworksBuildPhase section */

/* Begin PBXGroup section */
		17233D239F65D39A25637090 /* Pods */ = {
			isa = PBXGroup;
			children = (
				66A9EDF93D81EE3989B695A5 /* Pods.debug.xcconfig */,
				178E2BCF28A93B00DE560DD1 /* Pods.release.xcconfig */,
			);
			name = Pods;
			sourceTree = "<group>";
		};
		3C3CA6EDE177BA748BB8C00F /* Frameworks */ = {
			isa = PBXGroup;
			children = (
				D1A9E1761A854C0F00E06F02 /* MapKit.framework */,
				D1A0F7441A710F2200981257 /* SystemConfiguration.framework */,
				D1A0F7421A710F1B00981257 /* QuartzCore.framework */,
				D1A0F7401A710F1300981257 /* OpenGLES.framework */,
				D1A0F73E1A710F0B00981257 /* libz.dylib */,
				D1A0F73C1A710F0300981257 /* libicucore.dylib */,
				D1A0F73A1A710EF700981257 /* libc++.dylib */,
				D1A0F7381A710EEC00981257 /* ImageIO.framework */,
				D1A0F7361A710EE300981257 /* GLKit.framework */,
				D1A0F7341A710EDA00981257 /* CoreText.framework */,
				D1A0F7321A710ED400981257 /* CoreLocation.framework */,
				D1A0F7301A710ECA00981257 /* CoreData.framework */,
				D1A0F72E1A710EC100981257 /* AVFoundation.framework */,
				D155CC771A4B5EFD0072E183 /* Photos.framework */,
				D155CC751A4B5EEF0072E183 /* AssetsLibrary.framework */,
				0429DB9706988259B8ABBDBC /* libPods.a */,
			);
			name = Frameworks;
			sourceTree = "<group>";
		};
		D1169B711A45F45600C025A3 /* Libraries */ = {
			isa = PBXGroup;
			children = (
				D10BFF5E1A48E1890098CCC3 /* NoDataView.swift */,
				D1A9E16E1A7FABA900E06F02 /* CLLocationHumanReadable.swift */,
				D1D484981A8926870028C6F4 /* NSTextAttachmentAge.swift */,
				D1D4849C1A892D4E0028C6F4 /* UIColorKIMColor.swift */,
				D174763C1A976EBD00D588A2 /* SMCalloutView */,
			);
			name = Libraries;
			sourceTree = "<group>";
		};
		D1169B741A45F67900C025A3 /* UI */ = {
			isa = PBXGroup;
			children = (
				D1169B6F1A45EFEC00C025A3 /* NewsListViewController.swift */,
				D155CC731A4B49F50072E183 /* NewsItemViewController.swift */,
				D1A9E1721A8536DD00E06F02 /* MapViewController.swift */,
				D1A9E1601A7D01D200E06F02 /* MoreScreen.swift */,
				D1A9E1631A7E39CD00E06F02 /* EventsListViewController.swift */,
				D1D484941A8915560028C6F4 /* EventItemViewController.swift */,
				D17476321A9764B700D588A2 /* MuseumInfoView.swift */,
				D1FF584B1AB83049008DD880 /* AppInfoView.swift */,
				D11DD0011AD3F11800307D32 /* FilterScreen.swift */,
				D11DD0031AD3F4D100307D32 /* FilterButton.swift */,
				D1169B791A460C4500C025A3 /* Cells */,
			);
			name = UI;
			sourceTree = "<group>";
		};
		D1169B791A460C4500C025A3 /* Cells */ = {
			isa = PBXGroup;
			children = (
				D1E52E4C1A48B5D2007D98EF /* NewsCell.swift */,
				D1A9E1691A7E44A700E06F02 /* EventCell.swift */,
				D1A9E1741A8542D900E06F02 /* MuseumAnnotation.swift */,
				D1D484961A891E0F0028C6F4 /* EventImageNode.swift */,
				D1D4849A1A89291C0028C6F4 /* EventTitleNode.swift */,
				D1D4849E1A892E630028C6F4 /* EventMuseumNode.swift */,
				D1D484A01A89361D0028C6F4 /* EventScheduleNode.swift */,
				D1D484A21A89445A0028C6F4 /* EventDescTitleNode.swift */,
				D1D484A41A8949E40028C6F4 /* EventDescriptionNode.swift */,
				D11DCFFD1ACDAB7E00307D32 /* TagCloudNode.swift */,
				D11DCFFF1ACEA56000307D32 /* TagButtonNode.swift */,
				D11049391A8A93F400B32316 /* EventReviewNode.swift */,
				D17476341A9765F200D588A2 /* TextDividerNode.swift */,
				D17476411A97836800D588A2 /* PhoneDividerNode.swift */,
				D13700551AA71B8500F70138 /* MuseumEventButtonNode.swift */,
				D1FF584D1AB832E1008DD880 /* AppInfoNode.swift */,
				D1FF58531AB85575008DD880 /* DeveloperInfoNode.swift */,
			);
			name = Cells;
			sourceTree = "<group>";
		};
		D122D6D91A696FC6009D30AB /* Images */ = {
			isa = PBXGroup;
			children = (
				D1FF58551AB855C3008DD880 /* appinfo-dev@2x.png */,
				D1FF58561AB855C3008DD880 /* appinfo-dev@3x.png */,
				D1FF584F1AB8372A008DD880 /* appinfo-logo@2x.png */,
				D1FF58501AB8372A008DD880 /* appinfo-logo@3x.png */,
				D1A0F7581A72AA9900981257 /* Default-huge.png */,
				D11DD0091AD465D900307D32 /* icon-clear@2x.png */,
				D11DD00A1AD465D900307D32 /* icon-clear@3x.png */,
				D1A9E1651A7E3ADC00E06F02 /* icon-events@2x.png */,
				D1A9E1661A7E3ADC00E06F02 /* icon-events@3x.png */,
				D11DD0051AD405E400307D32 /* icon-filter@2x.png */,
				D11DD0061AD405E400307D32 /* icon-filter@3x.png */,
				D122D6DC1A697149009D30AB /* icon-news@2x.png */,
				D1A0F7481A7115ED00981257 /* icon-map@2x.png */,
				D1A9E15C1A7D01A000E06F02 /* icon-more@2x.png */,
				D1A9E15D1A7D01A000E06F02 /* icon-more@3x.png */,
				D17476431A9784E500D588A2 /* icon-phone@2x.png */,
				D174763E1A97816900D588A2 /* icon-phone@3x.png */,
				D1A0F75E1A72ADC700981257 /* location@2x.png */,
				D1A0F75C1A72AB2200981257 /* logo@2x.png */,
				D1A0F74A1A71318E00981257 /* marker@2x.png */,
				D1A0F74B1A71318E00981257 /* marker@3x.png */,
			);
			name = Images;
			sourceTree = "<group>";
		};
		D174763C1A976EBD00D588A2 /* SMCalloutView */ = {
			isa = PBXGroup;
			children = (
				D17476361A976EB600D588A2 /* SMCalloutView.h */,
				D17476371A976EB600D588A2 /* SMCalloutView.m */,
				D17476381A976EB600D588A2 /* SMClassicCalloutView.h */,
				D17476391A976EB600D588A2 /* SMClassicCalloutView.m */,
			);
			name = SMCalloutView;
			sourceTree = "<group>";
		};
		D1A9372D1A3F13CE00CE8E9F = {
			isa = PBXGroup;
			children = (
				D1A937381A3F13CE00CE8E9F /* KidsInMuseums */,
				D1A9374E1A3F13CE00CE8E9F /* KidsInMuseumsTests */,
				D1A937371A3F13CE00CE8E9F /* Products */,
				17233D239F65D39A25637090 /* Pods */,
				3C3CA6EDE177BA748BB8C00F /* Frameworks */,
			);
			sourceTree = "<group>";
		};
		D1A937371A3F13CE00CE8E9F /* Products */ = {
			isa = PBXGroup;
			children = (
				D1A937361A3F13CE00CE8E9F /* KidsInMuseums.app */,
				D1A9374B1A3F13CE00CE8E9F /* KidsInMuseumsTests.xctest */,
			);
			name = Products;
			sourceTree = "<group>";
		};
		D1A937381A3F13CE00CE8E9F /* KidsInMuseums */ = {
			isa = PBXGroup;
			children = (
				D122D6D91A696FC6009D30AB /* Images */,
				D1169B711A45F45600C025A3 /* Libraries */,
				D1169B741A45F67900C025A3 /* UI */,
				D1169B751A45F68D00C025A3 /* DataModel.swift */,
				D1A937421A3F13CE00CE8E9F /* Images.xcassets */,
				D1A937441A3F13CE00CE8E9F /* LaunchScreen.xib */,
				D1A937391A3F13CE00CE8E9F /* Supporting Files */,
			);
			path = KidsInMuseums;
			sourceTree = "<group>";
		};
		D1A937391A3F13CE00CE8E9F /* Supporting Files */ = {
			isa = PBXGroup;
			children = (
				D155CC881A4B73A50072E183 /* Localizable.strings */,
				D155CC7E1A4B73A50072E183 /* InfoPlist.strings */,
				D1A9373B1A3F13CE00CE8E9F /* AppDelegate.swift */,
				D1A9373A1A3F13CE00CE8E9F /* Info.plist */,
				D13DC70C1A45E08A0036A1F0 /* KidsInMuseums-Bridging-Header.h */,
			);
			name = "Supporting Files";
			sourceTree = "<group>";
		};
		D1A9374E1A3F13CE00CE8E9F /* KidsInMuseumsTests */ = {
			isa = PBXGroup;
			children = (
				D1A937511A3F13CE00CE8E9F /* KidsInMuseumsTests.swift */,
				D1A9374F1A3F13CE00CE8E9F /* Supporting Files */,
			);
			path = KidsInMuseumsTests;
			sourceTree = "<group>";
		};
		D1A9374F1A3F13CE00CE8E9F /* Supporting Files */ = {
			isa = PBXGroup;
			children = (
				D155CC831A4B73A50072E183 /* InfoPlist.strings */,
				D1A937501A3F13CE00CE8E9F /* Info.plist */,
			);
			name = "Supporting Files";
			sourceTree = "<group>";
		};
/* End PBXGroup section */

/* Begin PBXNativeTarget section */
		D1A937351A3F13CE00CE8E9F /* KidsInMuseums */ = {
			isa = PBXNativeTarget;
			buildConfigurationList = D1A937551A3F13CE00CE8E9F /* Build configuration list for PBXNativeTarget "KidsInMuseums" */;
			buildPhases = (
				2D1DB2193B2295BED30C9E46 /* Check Pods Manifest.lock */,
				D1A937321A3F13CE00CE8E9F /* Sources */,
				D1A937331A3F13CE00CE8E9F /* Frameworks */,
				D1A937341A3F13CE00CE8E9F /* Resources */,
				0BB2386B9A8A09238D7E6ED6 /* Copy Pods Resources */,
			);
			buildRules = (
			);
			dependencies = (
			);
			name = KidsInMuseums;
			productName = KidsInMuseums;
			productReference = D1A937361A3F13CE00CE8E9F /* KidsInMuseums.app */;
			productType = "com.apple.product-type.application";
		};
		D1A9374A1A3F13CE00CE8E9F /* KidsInMuseumsTests */ = {
			isa = PBXNativeTarget;
			buildConfigurationList = D1A937581A3F13CE00CE8E9F /* Build configuration list for PBXNativeTarget "KidsInMuseumsTests" */;
			buildPhases = (
				D1A937471A3F13CE00CE8E9F /* Sources */,
				D1A937481A3F13CE00CE8E9F /* Frameworks */,
				D1A937491A3F13CE00CE8E9F /* Resources */,
			);
			buildRules = (
			);
			dependencies = (
				D1A9374D1A3F13CE00CE8E9F /* PBXTargetDependency */,
			);
			name = KidsInMuseumsTests;
			productName = KidsInMuseumsTests;
			productReference = D1A9374B1A3F13CE00CE8E9F /* KidsInMuseumsTests.xctest */;
			productType = "com.apple.product-type.bundle.unit-test";
		};
/* End PBXNativeTarget section */

/* Begin PBXProject section */
		D1A9372E1A3F13CE00CE8E9F /* Project object */ = {
			isa = PBXProject;
			attributes = {
				LastUpgradeCheck = 0610;
				ORGANIZATIONNAME = "Golova Media";
				TargetAttributes = {
					D1A937351A3F13CE00CE8E9F = {
						CreatedOnToolsVersion = 6.1.1;
						DevelopmentTeam = 4LL97AU256;
						SystemCapabilities = {
							com.apple.Maps.iOS = {
								enabled = 1;
							};
						};
					};
					D1A9374A1A3F13CE00CE8E9F = {
						CreatedOnToolsVersion = 6.1.1;
						TestTargetID = D1A937351A3F13CE00CE8E9F;
					};
				};
			};
			buildConfigurationList = D1A937311A3F13CE00CE8E9F /* Build configuration list for PBXProject "KidsInMuseums" */;
			compatibilityVersion = "Xcode 3.2";
			developmentRegion = English;
			hasScannedForEncodings = 0;
			knownRegions = (
				en,
				Base,
			);
			mainGroup = D1A9372D1A3F13CE00CE8E9F;
			productRefGroup = D1A937371A3F13CE00CE8E9F /* Products */;
			projectDirPath = "";
			projectRoot = "";
			targets = (
				D1A937351A3F13CE00CE8E9F /* KidsInMuseums */,
				D1A9374A1A3F13CE00CE8E9F /* KidsInMuseumsTests */,
			);
		};
/* End PBXProject section */

/* Begin PBXResourcesBuildPhase section */
		D1A937341A3F13CE00CE8E9F /* Resources */ = {
			isa = PBXResourcesBuildPhase;
			buildActionMask = 2147483647;
			files = (
				D1A937461A3F13CE00CE8E9F /* LaunchScreen.xib in Resources */,
				D1A0F75D1A72AB2200981257 /* logo@2x.png in Resources */,
				D1A0F74D1A71318E00981257 /* marker@3x.png in Resources */,
				D11DD00B1AD465D900307D32 /* icon-clear@2x.png in Resources */,
				D11DD0081AD405E400307D32 /* icon-filter@3x.png in Resources */,
				D17476401A97816900D588A2 /* icon-phone@3x.png in Resources */,
				D1FF58521AB8372A008DD880 /* appinfo-logo@3x.png in Resources */,
				D122D6DD1A697149009D30AB /* icon-news@2x.png in Resources */,
				D155CC861A4B73A50072E183 /* Localizable.strings in Resources */,
				D1A0F74C1A71318E00981257 /* marker@2x.png in Resources */,
				D1A9E15E1A7D01A000E06F02 /* icon-more@2x.png in Resources */,
				D1A0F7591A72AA9900981257 /* Default-huge.png in Resources */,
				D155CC7C1A4B73A50072E183 /* InfoPlist.strings in Resources */,
				D1FF58581AB855C3008DD880 /* appinfo-dev@3x.png in Resources */,
				D1A0F75F1A72ADC700981257 /* location@2x.png in Resources */,
				D1A9E1681A7E3ADC00E06F02 /* icon-events@3x.png in Resources */,
				D1A9E1671A7E3ADC00E06F02 /* icon-events@2x.png in Resources */,
				D11DD0071AD405E400307D32 /* icon-filter@2x.png in Resources */,
				D1A937431A3F13CE00CE8E9F /* Images.xcassets in Resources */,
				D1A0F7491A7115ED00981257 /* icon-map@2x.png in Resources */,
				D1FF58571AB855C3008DD880 /* appinfo-dev@2x.png in Resources */,
				D1FF58511AB8372A008DD880 /* appinfo-logo@2x.png in Resources */,
				D17476441A9784E500D588A2 /* icon-phone@2x.png in Resources */,
				D11DD00C1AD465D900307D32 /* icon-clear@3x.png in Resources */,
				D1A9E15F1A7D01A000E06F02 /* icon-more@3x.png in Resources */,
			);
			runOnlyForDeploymentPostprocessing = 0;
		};
		D1A937491A3F13CE00CE8E9F /* Resources */ = {
			isa = PBXResourcesBuildPhase;
			buildActionMask = 2147483647;
			files = (
				D155CC811A4B73A50072E183 /* InfoPlist.strings in Resources */,
			);
			runOnlyForDeploymentPostprocessing = 0;
		};
/* End PBXResourcesBuildPhase section */

/* Begin PBXShellScriptBuildPhase section */
		0BB2386B9A8A09238D7E6ED6 /* Copy Pods Resources */ = {
			isa = PBXShellScriptBuildPhase;
			buildActionMask = 2147483647;
			files = (
			);
			inputPaths = (
			);
			name = "Copy Pods Resources";
			outputPaths = (
			);
			runOnlyForDeploymentPostprocessing = 0;
			shellPath = /bin/sh;
			shellScript = "\"${SRCROOT}/Pods/Target Support Files/Pods/Pods-resources.sh\"\n";
			showEnvVarsInLog = 0;
		};
		2D1DB2193B2295BED30C9E46 /* Check Pods Manifest.lock */ = {
			isa = PBXShellScriptBuildPhase;
			buildActionMask = 2147483647;
			files = (
			);
			inputPaths = (
			);
			name = "Check Pods Manifest.lock";
			outputPaths = (
			);
			runOnlyForDeploymentPostprocessing = 0;
			shellPath = /bin/sh;
			shellScript = "diff \"${PODS_ROOT}/../Podfile.lock\" \"${PODS_ROOT}/Manifest.lock\" > /dev/null\nif [[ $? != 0 ]] ; then\n    cat << EOM\nerror: The sandbox is not in sync with the Podfile.lock. Run 'pod install' or update your CocoaPods installation.\nEOM\n    exit 1\nfi\n";
			showEnvVarsInLog = 0;
		};
/* End PBXShellScriptBuildPhase section */

/* Begin PBXSourcesBuildPhase section */
		D1A937321A3F13CE00CE8E9F /* Sources */ = {
			isa = PBXSourcesBuildPhase;
			buildActionMask = 2147483647;
			files = (
				D1D484991A8926870028C6F4 /* NSTextAttachmentAge.swift in Sources */,
				D17476331A9764B700D588A2 /* MuseumInfoView.swift in Sources */,
				D1A9E1641A7E39CD00E06F02 /* EventsListViewController.swift in Sources */,
				D1FF584E1AB832E1008DD880 /* AppInfoNode.swift in Sources */,
				D17476421A97836800D588A2 /* PhoneDividerNode.swift in Sources */,
				D10BFF5F1A48E1890098CCC3 /* NoDataView.swift in Sources */,
				D11DCFFE1ACDAB7E00307D32 /* TagCloudNode.swift in Sources */,
				D174763A1A976EB600D588A2 /* SMCalloutView.m in Sources */,
				D174763B1A976EB600D588A2 /* SMClassicCalloutView.m in Sources */,
				D11DD0021AD3F11800307D32 /* FilterScreen.swift in Sources */,
				D110493A1A8A93F400B32316 /* EventReviewNode.swift in Sources */,
				D1FF58541AB85575008DD880 /* DeveloperInfoNode.swift in Sources */,
				D1A9E1611A7D01D200E06F02 /* MoreScreen.swift in Sources */,
				D1D4849D1A892D4E0028C6F4 /* UIColorKIMColor.swift in Sources */,
				D1A9E1751A8542D900E06F02 /* MuseumAnnotation.swift in Sources */,
				D1D484A51A8949E40028C6F4 /* EventDescriptionNode.swift in Sources */,
				D1169B761A45F68D00C025A3 /* DataModel.swift in Sources */,
				D1D484A31A89445A0028C6F4 /* EventDescTitleNode.swift in Sources */,
				D1D484971A891E0F0028C6F4 /* EventImageNode.swift in Sources */,
				D11DD0001ACEA56000307D32 /* TagButtonNode.swift in Sources */,
				D1A9373C1A3F13CE00CE8E9F /* AppDelegate.swift in Sources */,
				D1A9E1731A8536DD00E06F02 /* MapViewController.swift in Sources */,
				D1D484951A8915560028C6F4 /* EventItemViewController.swift in Sources */,
				D1A9E16F1A7FABA900E06F02 /* CLLocationHumanReadable.swift in Sources */,
				D1A9E16A1A7E44A700E06F02 /* EventCell.swift in Sources */,
				D13700561AA71B8500F70138 /* MuseumEventButtonNode.swift in Sources */,
				D17476351A9765F200D588A2 /* TextDividerNode.swift in Sources */,
				D11DD0041AD3F4D100307D32 /* FilterButton.swift in Sources */,
				D1E52E4D1A48B5D2007D98EF /* NewsCell.swift in Sources */,
				D1FF584C1AB83049008DD880 /* AppInfoView.swift in Sources */,
				D1D484A11A89361D0028C6F4 /* EventScheduleNode.swift in Sources */,
				D1169B701A45EFEC00C025A3 /* NewsListViewController.swift in Sources */,
				D155CC741A4B49F50072E183 /* NewsItemViewController.swift in Sources */,
				D1D4849B1A89291C0028C6F4 /* EventTitleNode.swift in Sources */,
				D1D4849F1A892E630028C6F4 /* EventMuseumNode.swift in Sources */,
			);
			runOnlyForDeploymentPostprocessing = 0;
		};
		D1A937471A3F13CE00CE8E9F /* Sources */ = {
			isa = PBXSourcesBuildPhase;
			buildActionMask = 2147483647;
			files = (
				D1A937521A3F13CE00CE8E9F /* KidsInMuseumsTests.swift in Sources */,
			);
			runOnlyForDeploymentPostprocessing = 0;
		};
/* End PBXSourcesBuildPhase section */

/* Begin PBXTargetDependency section */
		D1A9374D1A3F13CE00CE8E9F /* PBXTargetDependency */ = {
			isa = PBXTargetDependency;
			target = D1A937351A3F13CE00CE8E9F /* KidsInMuseums */;
			targetProxy = D1A9374C1A3F13CE00CE8E9F /* PBXContainerItemProxy */;
		};
/* End PBXTargetDependency section */

/* Begin PBXVariantGroup section */
		D155CC7E1A4B73A50072E183 /* InfoPlist.strings */ = {
			isa = PBXVariantGroup;
			children = (
				D155CC7D1A4B73A50072E183 /* ru */,
			);
			name = InfoPlist.strings;
			sourceTree = "<group>";
		};
		D155CC831A4B73A50072E183 /* InfoPlist.strings */ = {
			isa = PBXVariantGroup;
			children = (
				D155CC821A4B73A50072E183 /* ru */,
			);
			name = InfoPlist.strings;
			sourceTree = "<group>";
		};
		D155CC881A4B73A50072E183 /* Localizable.strings */ = {
			isa = PBXVariantGroup;
			children = (
				D155CC871A4B73A50072E183 /* ru */,
				D1A9E16B1A7F989F00E06F02 /* en */,
			);
			name = Localizable.strings;
			sourceTree = "<group>";
		};
		D1A937441A3F13CE00CE8E9F /* LaunchScreen.xib */ = {
			isa = PBXVariantGroup;
			children = (
				D1A937451A3F13CE00CE8E9F /* Base */,
				D1A9E1621A7D0C4000E06F02 /* ru */,
			);
			name = LaunchScreen.xib;
			sourceTree = "<group>";
		};
/* End PBXVariantGroup section */

/* Begin XCBuildConfiguration section */
		D1A937531A3F13CE00CE8E9F /* Debug */ = {
			isa = XCBuildConfiguration;
			buildSettings = {
				ALWAYS_SEARCH_USER_PATHS = NO;
				CLANG_CXX_LANGUAGE_STANDARD = "gnu++0x";
				CLANG_CXX_LIBRARY = "libc++";
				CLANG_ENABLE_MODULES = YES;
				CLANG_ENABLE_OBJC_ARC = YES;
				CLANG_WARN_BOOL_CONVERSION = YES;
				CLANG_WARN_CONSTANT_CONVERSION = YES;
				CLANG_WARN_DIRECT_OBJC_ISA_USAGE = YES_ERROR;
				CLANG_WARN_EMPTY_BODY = YES;
				CLANG_WARN_ENUM_CONVERSION = YES;
				CLANG_WARN_INT_CONVERSION = YES;
				CLANG_WARN_OBJC_ROOT_CLASS = YES_ERROR;
				CLANG_WARN_UNREACHABLE_CODE = YES;
				CLANG_WARN__DUPLICATE_METHOD_MATCH = YES;
				CODE_SIGN_ENTITLEMENTS = "";
				"CODE_SIGN_IDENTITY[sdk=iphoneos*]" = "";
				COPY_PHASE_STRIP = NO;
				ENABLE_STRICT_OBJC_MSGSEND = YES;
				GCC_C_LANGUAGE_STANDARD = gnu99;
				GCC_DYNAMIC_NO_PIC = NO;
				GCC_OPTIMIZATION_LEVEL = 0;
				GCC_PREPROCESSOR_DEFINITIONS = (
					"DEBUG=1",
					"$(inherited)",
				);
				GCC_SYMBOLS_PRIVATE_EXTERN = NO;
				GCC_WARN_64_TO_32_BIT_CONVERSION = YES;
				GCC_WARN_ABOUT_RETURN_TYPE = YES_ERROR;
				GCC_WARN_UNDECLARED_SELECTOR = YES;
				GCC_WARN_UNINITIALIZED_AUTOS = YES_AGGRESSIVE;
				GCC_WARN_UNUSED_FUNCTION = YES;
				GCC_WARN_UNUSED_VARIABLE = YES;
				IPHONEOS_DEPLOYMENT_TARGET = 7.1;
				MTL_ENABLE_DEBUG_INFO = YES;
				ONLY_ACTIVE_ARCH = YES;
				OTHER_LDFLAGS = "-ObjC";
				SDKROOT = iphoneos;
				SWIFT_OPTIMIZATION_LEVEL = "-Onone";
			};
			name = Debug;
		};
		D1A937541A3F13CE00CE8E9F /* Release */ = {
			isa = XCBuildConfiguration;
			buildSettings = {
				ALWAYS_SEARCH_USER_PATHS = NO;
				CLANG_CXX_LANGUAGE_STANDARD = "gnu++0x";
				CLANG_CXX_LIBRARY = "libc++";
				CLANG_ENABLE_MODULES = YES;
				CLANG_ENABLE_OBJC_ARC = YES;
				CLANG_WARN_BOOL_CONVERSION = YES;
				CLANG_WARN_CONSTANT_CONVERSION = YES;
				CLANG_WARN_DIRECT_OBJC_ISA_USAGE = YES_ERROR;
				CLANG_WARN_EMPTY_BODY = YES;
				CLANG_WARN_ENUM_CONVERSION = YES;
				CLANG_WARN_INT_CONVERSION = YES;
				CLANG_WARN_OBJC_ROOT_CLASS = YES_ERROR;
				CLANG_WARN_UNREACHABLE_CODE = YES;
				CLANG_WARN__DUPLICATE_METHOD_MATCH = YES;
				CODE_SIGN_IDENTITY = "iPhone Distribution: Yuri Karabatov (9BC9H7L8K6)";
				"CODE_SIGN_IDENTITY[sdk=iphoneos*]" = "iPhone Distribution: Yuri Karabatov (9BC9H7L8K6)";
				COPY_PHASE_STRIP = YES;
				ENABLE_NS_ASSERTIONS = NO;
				ENABLE_STRICT_OBJC_MSGSEND = YES;
				GCC_C_LANGUAGE_STANDARD = gnu99;
				GCC_WARN_64_TO_32_BIT_CONVERSION = YES;
				GCC_WARN_ABOUT_RETURN_TYPE = YES_ERROR;
				GCC_WARN_UNDECLARED_SELECTOR = YES;
				GCC_WARN_UNINITIALIZED_AUTOS = YES_AGGRESSIVE;
				GCC_WARN_UNUSED_FUNCTION = YES;
				GCC_WARN_UNUSED_VARIABLE = YES;
				IPHONEOS_DEPLOYMENT_TARGET = 7.1;
				MTL_ENABLE_DEBUG_INFO = NO;
				OTHER_LDFLAGS = "-ObjC";
				SDKROOT = iphoneos;
				VALIDATE_PRODUCT = YES;
			};
			name = Release;
		};
		D1A937561A3F13CE00CE8E9F /* Debug */ = {
			isa = XCBuildConfiguration;
			baseConfigurationReference = 66A9EDF93D81EE3989B695A5 /* Pods.debug.xcconfig */;
			buildSettings = {
				ASSETCATALOG_COMPILER_APPICON_NAME = AppIcon;
				ASSETCATALOG_COMPILER_LAUNCHIMAGE_NAME = LaunchImage;
				CODE_SIGN_IDENTITY = "iPhone Developer";
				"CODE_SIGN_IDENTITY[sdk=iphoneos*]" = "iPhone Developer";
				FRAMEWORK_SEARCH_PATHS = (
					"$(inherited)",
					"$(PROJECT_DIR)",
				);
				INFOPLIST_FILE = KidsInMuseums/Info.plist;
				IPHONEOS_DEPLOYMENT_TARGET = 7.1;
				LD_RUNPATH_SEARCH_PATHS = "$(inherited) @executable_path/Frameworks";
				PRODUCT_NAME = "$(TARGET_NAME)";
				PROVISIONING_PROFILE = "";
				SWIFT_OBJC_BRIDGING_HEADER = "KidsInMuseums/KidsInMuseums-Bridging-Header.h";
				TARGETED_DEVICE_FAMILY = "1,2";
			};
			name = Debug;
		};
		D1A937571A3F13CE00CE8E9F /* Release */ = {
			isa = XCBuildConfiguration;
			baseConfigurationReference = 178E2BCF28A93B00DE560DD1 /* Pods.release.xcconfig */;
			buildSettings = {
				ASSETCATALOG_COMPILER_APPICON_NAME = AppIcon;
				ASSETCATALOG_COMPILER_LAUNCHIMAGE_NAME = LaunchImage;
				CODE_SIGN_IDENTITY = "iPhone Developer";
				"CODE_SIGN_IDENTITY[sdk=iphoneos*]" = "iPhone Developer";
				FRAMEWORK_SEARCH_PATHS = (
					"$(inherited)",
					"$(PROJECT_DIR)",
				);
				INFOPLIST_FILE = KidsInMuseums/Info.plist;
				IPHONEOS_DEPLOYMENT_TARGET = 7.1;
				LD_RUNPATH_SEARCH_PATHS = "$(inherited) @executable_path/Frameworks";
				PRODUCT_NAME = "$(TARGET_NAME)";
				PROVISIONING_PROFILE = "";
				SWIFT_OBJC_BRIDGING_HEADER = "KidsInMuseums/KidsInMuseums-Bridging-Header.h";
				TARGETED_DEVICE_FAMILY = "1,2";
			};
			name = Release;
		};
		D1A937591A3F13CE00CE8E9F /* Debug */ = {
			isa = XCBuildConfiguration;
			buildSettings = {
				BUNDLE_LOADER = "$(TEST_HOST)";
				CODE_SIGN_IDENTITY = "iPhone Developer";
				FRAMEWORK_SEARCH_PATHS = (
					"$(SDKROOT)/Developer/Library/Frameworks",
					"$(inherited)",
				);
				GCC_PREPROCESSOR_DEFINITIONS = (
					"DEBUG=1",
					"$(inherited)",
				);
				INFOPLIST_FILE = KidsInMuseumsTests/Info.plist;
				LD_RUNPATH_SEARCH_PATHS = "$(inherited) @executable_path/Frameworks @loader_path/Frameworks";
				PRODUCT_NAME = "$(TARGET_NAME)";
				TEST_HOST = "$(BUILT_PRODUCTS_DIR)/KidsInMuseums.app/KidsInMuseums";
			};
			name = Debug;
		};
		D1A9375A1A3F13CE00CE8E9F /* Release */ = {
			isa = XCBuildConfiguration;
			buildSettings = {
				BUNDLE_LOADER = "$(TEST_HOST)";
				CODE_SIGN_IDENTITY = "iPhone Developer";
				FRAMEWORK_SEARCH_PATHS = (
					"$(SDKROOT)/Developer/Library/Frameworks",
					"$(inherited)",
				);
				INFOPLIST_FILE = KidsInMuseumsTests/Info.plist;
				LD_RUNPATH_SEARCH_PATHS = "$(inherited) @executable_path/Frameworks @loader_path/Frameworks";
				PRODUCT_NAME = "$(TARGET_NAME)";
				TEST_HOST = "$(BUILT_PRODUCTS_DIR)/KidsInMuseums.app/KidsInMuseums";
			};
			name = Release;
		};
/* End XCBuildConfiguration section */

/* Begin XCConfigurationList section */
		D1A937311A3F13CE00CE8E9F /* Build configuration list for PBXProject "KidsInMuseums" */ = {
			isa = XCConfigurationList;
			buildConfigurations = (
				D1A937531A3F13CE00CE8E9F /* Debug */,
				D1A937541A3F13CE00CE8E9F /* Release */,
			);
			defaultConfigurationIsVisible = 0;
			defaultConfigurationName = Release;
		};
		D1A937551A3F13CE00CE8E9F /* Build configuration list for PBXNativeTarget "KidsInMuseums" */ = {
			isa = XCConfigurationList;
			buildConfigurations = (
				D1A937561A3F13CE00CE8E9F /* Debug */,
				D1A937571A3F13CE00CE8E9F /* Release */,
			);
			defaultConfigurationIsVisible = 0;
			defaultConfigurationName = Release;
		};
		D1A937581A3F13CE00CE8E9F /* Build configuration list for PBXNativeTarget "KidsInMuseumsTests" */ = {
			isa = XCConfigurationList;
			buildConfigurations = (
				D1A937591A3F13CE00CE8E9F /* Debug */,
				D1A9375A1A3F13CE00CE8E9F /* Release */,
			);
			defaultConfigurationIsVisible = 0;
			defaultConfigurationName = Release;
		};
/* End XCConfigurationList section */
	};
	rootObject = D1A9372E1A3F13CE00CE8E9F /* Project object */;
}
